{
  "object": {
    "pins": [
      {
        "package": "CwlCatchException",
        "repositoryURL": "https://github.com/mattgallagher/CwlCatchException.git",
        "state": {
          "branch": null,
          "revision": "682841464136f8c66e04afe5dbd01ab51a3a56f2",
          "version": "2.1.0"
        }
      },
      {
        "package": "CwlPreconditionTesting",
        "repositoryURL": "https://github.com/mattgallagher/CwlPreconditionTesting.git",
        "state": {
          "branch": null,
          "revision": "02b7a39a99c4da27abe03cab2053a9034379639f",
          "version": "2.0.0"
        }
      },
      {
        "package": "Nimble",
        "repositoryURL": "https://github.com/JosephDuffy/Nimble.git",
        "state": {
          "branch": "master",
          "revision": "643cef232fd2ec7c0f7426cca832f86d2daf5b40",
          "version": null
        }
      },
      {
        "package": "Quick",
        "repositoryURL": "https://github.com/JosephDuffy/Quick.git",
        "state": {
          "branch": "main",
          "revision": "2556e761cdcd96e7b4d8dbc1c2b404f409503258",
          "version": null
        }
      }
    ]
  },
  "version": 1
}
